PODS:
  - XcodeEditor (2.0.0)

DEPENDENCIES:
  - XcodeEditor (from `https://github.com/StoneSpb/XcodeEditor.git`, branch `master`)

EXTERNAL SOURCES:
  XcodeEditor:
    :branch: master
    :git: https://github.com/StoneSpb/XcodeEditor.git

CHECKOUT OPTIONS:
  XcodeEditor:
    :commit: 019a8a4f61fa72e454c9304c7b07e06cfee2fc4e
    :git: https://github.com/StoneSpb/XcodeEditor.git

SPEC CHECKSUMS:
  XcodeEditor: 6aed2f4a89dcc37887d90eb7b0895fc5cef5a865

COCOAPODS: 0.37.0
